
Microsoft Visual Studio Solution File, Format Version 12.00
# Visual Studio Version 17
VisualStudioVersion = 17.8.34330.188
MinimumVisualStudioVersion = 10.0.40219.1
Project("{FAE04EC0-301F-11D3-BF4B-00C04F79EFBC}") = "Menu Matematic", "Menu Matematic\Menu Matematic.csproj", "{C7A5A36D-67C3-4659-AEA2-91C3B78F78FD}"
EndProject
Global
	GlobalSection(SolutionConfigurationPlatforms) = preSolution
		Debug|Any CPU = Debug|Any CPU
		Release|Any CPU = Release|Any CPU
	EndGlobalSection
	GlobalSection(ProjectConfigurationPlatforms) = postSolution
		{C7A5A36D-67C3-4659-AEA2-91C3B78F78FD}.Debug|Any CPU.ActiveCfg = Debug|Any CPU
		{C7A5A36D-67C3-4659-AEA2-91C3B78F78FD}.Debug|Any CPU.Build.0 = Debug|Any CPU
		{C7A5A36D-67C3-4659-AEA2-91C3B78F78FD}.Release|Any CPU.ActiveCfg = Release|Any CPU
		{C7A5A36D-67C3-4659-AEA2-91C3B78F78FD}.Release|Any CPU.Build.0 = Release|Any CPU
	EndGlobalSection
	GlobalSection(SolutionProperties) = preSolution
		HideSolutionNode = FALSE
	EndGlobalSection
	GlobalSection(ExtensibilityGlobals) = postSolution
		SolutionGuid = {94A7E36E-15A1-469D-98F9-66241C109375}
	EndGlobalSection
EndGlobal
